github.com/aws/aws-sdk-go-v2 v1.47.1 h1:uOIZnp4PK3ZhKI0dNrJrhTEsLxbpXHTAJlwoS1pvAtw=
github.com/aws/aws-sdk-go-v2 v1.47.1/go.mod h1:bttEH6JqnUL8LepvDVfdrds/fZ5bCIxzpe3abyUrhDU=
github.com/aws/aws-sdk-go-v2/internal/configsources v1.5.4 h1:CLq4+8UHCI+ZZYl/EuJxXovaIVN2xeeT8JV+dsApQ5E=
github.com/aws/aws-sdk-go-v2/internal/configsources v1.5.4/go.mod h1:Wv4q5sAM04xAMkoOedxLx2inVf6K5FdxYp+A61L+q/0=
github.com/aws/aws-sdk-go-v2/internal/endpoints/v2 v2.8.4 h1:dD4MR81I7YkpEBRk6UP9rocC2QnT3qVuXwzlYTtfGEs=
github.com/aws/aws-sdk-go-v2/internal/endpoints/v2 v2.8.4/go.mod h1:EcXV1kAFd5XwSkDHlj94gnF3q5CkJyYiIJfH8N0VmrE=
github.com/aws/aws-sdk-go-v2/service/ssm v1.78.1 h1:wA+05YQro9VJtnfL+hfEg+UnK3QZsm+mNIaUH+G+xW0=
github.com/aws/aws-sdk-go-v2/service/ssm v1.78.1/go.mod h1:FLwEDLnpYkC/SwNx9gbsPcG25uMUk7Pxsx8ixaA9xmE=
github.com/aws/smithy-go v1.28.1 h1:R/nXH00c8qcfCzQVELtRw+eLQWtzv+VAIEFJ1/xxXlQ=
github.com/aws/smithy-go v1.28.1/go.mod h1:YE2RhdIuDbA5E5bTdciG9KrW3+TiEONeUWCqxX9i1Fc=
github.com/stretchr/objx v0.5.3 h1:jmXUvGomnU1o3W/V5h2VEradbpJDwGrzugQQvL0POH4=
github.com/stretchr/objx v0.5.3/go.mod h1:rDQraq+vQZU7Fde9LOZLr8Tax6zZvy4kuNKF+QYS+U0=
github.com/stretchr/testify v1.12.1 h1:EuwCh5fleGS7H32xRwO3wRGT7DxrDhLAT6FF8MpWDWE=
github.com/stretchr/testify v1.12.1/go.mod h1:MDEgiDPPsNp5cuIrHPPCyornHKgEVbtFUmoNlxoYthg=
go.yaml.in/yaml/v3 v3.0.5 h1:N6y/pJk8buWs9NY5ERU2HSMfm+IuD/OtfdAnq6kESPw=
go.yaml.in/yaml/v3 v3.0.5/go.mod h1:HVTZu1O7/Vkt2N+BFy8Zza+lnLsABggaTM2ZpNIGuKg=
